
Microsoft Visual Studio Solution File, Format Version 12.00
# Visual Studio Version 17
VisualStudioVersion = 17.5.33424.131
MinimumVisualStudioVersion = 10.0.40219.1
Project("{FAE04EC0-301F-11D3-BF4B-00C04F79EFBC}") = "FileAppMvc", "FileAppMvc\FileAppMvc.csproj", "{E93BB585-BC68-45D5-A05B-C1B8AA81FBB7}"
EndProject
Global
	GlobalSection(SolutionConfigurationPlatforms) = preSolution
		Debug|Any CPU = Debug|Any CPU
		Release|Any CPU = Release|Any CPU
	EndGlobalSection
	GlobalSection(ProjectConfigurationPlatforms) = postSolution
		{E93BB585-BC68-45D5-A05B-C1B8AA81FBB7}.Debug|Any CPU.ActiveCfg = Debug|Any CPU
		{E93BB585-BC68-45D5-A05B-C1B8AA81FBB7}.Debug|Any CPU.Build.0 = Debug|Any CPU
		{E93BB585-BC68-45D5-A05B-C1B8AA81FBB7}.Release|Any CPU.ActiveCfg = Release|Any CPU
		{E93BB585-BC68-45D5-A05B-C1B8AA81FBB7}.Release|Any CPU.Build.0 = Release|Any CPU
	EndGlobalSection
	GlobalSection(SolutionProperties) = preSolution
		HideSolutionNode = FALSE
	EndGlobalSection
	GlobalSection(ExtensibilityGlobals) = postSolution
		SolutionGuid = {49FFF6D4-1CF6-4168-8B0A-B3445AF8EC54}
	EndGlobalSection
EndGlobal
